
Microsoft Visual Studio Solution File, Format Version 12.00
# Visual Studio Version 17
VisualStudioVersion = 17.0.31912.275
MinimumVisualStudioVersion = 10.0.40219.1
Project("{FAE04EC0-301F-11D3-BF4B-00C04F79EFBC}") = "ArrayProblems", "ArrayProblems\ArrayProblems.csproj", "{260F657F-DCC8-4597-AD6F-32C41BC574BC}"
EndProject
Global
	GlobalSection(SolutionConfigurationPlatforms) = preSolution
		Debug|Any CPU = Debug|Any CPU
		Release|Any CPU = Release|Any CPU
	EndGlobalSection
	GlobalSection(ProjectConfigurationPlatforms) = postSolution
		{260F657F-DCC8-4597-AD6F-32C41BC574BC}.Debug|Any CPU.ActiveCfg = Debug|Any CPU
		{260F657F-DCC8-4597-AD6F-32C41BC574BC}.Debug|Any CPU.Build.0 = Debug|Any CPU
		{260F657F-DCC8-4597-AD6F-32C41BC574BC}.Release|Any CPU.ActiveCfg = Release|Any CPU
		{260F657F-DCC8-4597-AD6F-32C41BC574BC}.Release|Any CPU.Build.0 = Release|Any CPU
	EndGlobalSection
	GlobalSection(SolutionProperties) = preSolution
		HideSolutionNode = FALSE
	EndGlobalSection
	GlobalSection(ExtensibilityGlobals) = postSolution
		SolutionGuid = {0B226767-0921-4DCF-A32B-4F7ACBBBF039}
	EndGlobalSection
EndGlobal
